{
  "projects": [
    {
      "projectId": "seaQhLVS4bbjiGvJJrRwyL",
      "version": "15.0.3",
      "dependencies": {},
      "lang": "js",
      "fileLocks": [
        {
          "assetId": "seaQhLVS4bbjiGvJJrRwyL",
          "type": "projectCss",
          "checksum": "e96d293f058489f8688d6c352de20bfc"
        }
      ]
    },
    {
      "projectId": "kjuFFTSZb8fanzCHT2C1jz",
      "version": "12.2.3",
      "dependencies": {
        "seaQhLVS4bbjiGvJJrRwyL": "15.0.3"
      },
      "lang": "js",
      "fileLocks": [
        {
          "type": "globalVariant",
          "assetId": "k7xdGnvUtPZ_s",
          "checksum": "1a98724ea5b0b5c41618a8498f33c0f0"
        },
        {
          "type": "globalVariant",
          "assetId": "9MzawQbD5r",
          "checksum": "b6f3ca7eecc8ed1f3314033844b40cbc"
        },
        {
          "assetId": "kjuFFTSZb8fanzCHT2C1jz",
          "type": "projectCss",
          "checksum": "7bcdce259bea574d98d8cb2eb69a64fb"
        },
        {
          "type": "renderModule",
          "assetId": "5-ThUEPfFc",
          "checksum": "8e76b1b820d7fb8c3bda8a8825eff405"
        },
        {
          "type": "cssRules",
          "assetId": "5-ThUEPfFc",
          "checksum": "8e76b1b820d7fb8c3bda8a8825eff405"
        },
        {
          "type": "renderModule",
          "assetId": "EDH0JqEGKc",
          "checksum": "d3a07fc50c8d9d86783bcd0b9540da32"
        },
        {
          "type": "cssRules",
          "assetId": "EDH0JqEGKc",
          "checksum": "d3a07fc50c8d9d86783bcd0b9540da32"
        },
        {
          "type": "renderModule",
          "assetId": "jzdXOPDUzV",
          "checksum": "69a41d0b02a0309776bd9b245ab1e4b3"
        },
        {
          "type": "cssRules",
          "assetId": "jzdXOPDUzV",
          "checksum": "69a41d0b02a0309776bd9b245ab1e4b3"
        },
        {
          "type": "renderModule",
          "assetId": "LC6N8oPz6C",
          "checksum": "6f7dd054ac84134a4417f16a1789a108"
        },
        {
          "type": "cssRules",
          "assetId": "LC6N8oPz6C",
          "checksum": "6f7dd054ac84134a4417f16a1789a108"
        },
        {
          "type": "renderModule",
          "assetId": "vtgKf8zu4R",
          "checksum": "c7ac5849045a33dfcd7535ad32fd8b16"
        },
        {
          "type": "cssRules",
          "assetId": "vtgKf8zu4R",
          "checksum": "c7ac5849045a33dfcd7535ad32fd8b16"
        },
        {
          "type": "renderModule",
          "assetId": "Dh0X1Xu6r0",
          "checksum": "5fd2be67b3c14ad7951426144add193c"
        },
        {
          "type": "cssRules",
          "assetId": "Dh0X1Xu6r0",
          "checksum": "5fd2be67b3c14ad7951426144add193c"
        },
        {
          "type": "renderModule",
          "assetId": "9R5YynM9KVp",
          "checksum": "92d94690d9e8cc364cbb921453f38c21"
        },
        {
          "type": "cssRules",
          "assetId": "9R5YynM9KVp",
          "checksum": "92d94690d9e8cc364cbb921453f38c21"
        },
        {
          "type": "renderModule",
          "assetId": "CTFlDz32c2",
          "checksum": "a2c2f3597e868f5d587956dfd069bf1d"
        },
        {
          "type": "cssRules",
          "assetId": "CTFlDz32c2",
          "checksum": "a2c2f3597e868f5d587956dfd069bf1d"
        },
        {
          "type": "renderModule",
          "assetId": "6947fPy0uC",
          "checksum": "06808dd529ba6451a33229ad7b594af6"
        },
        {
          "type": "cssRules",
          "assetId": "6947fPy0uC",
          "checksum": "06808dd529ba6451a33229ad7b594af6"
        },
        {
          "type": "renderModule",
          "assetId": "E_l1hqcHcA",
          "checksum": "6574c9de735a19e579675023ee003e01"
        },
        {
          "type": "cssRules",
          "assetId": "E_l1hqcHcA",
          "checksum": "6574c9de735a19e579675023ee003e01"
        },
        {
          "type": "renderModule",
          "assetId": "SQHouqji3_",
          "checksum": "105530a3669a7fb89436885ad334dbb1"
        },
        {
          "type": "cssRules",
          "assetId": "SQHouqji3_",
          "checksum": "105530a3669a7fb89436885ad334dbb1"
        },
        {
          "type": "renderModule",
          "assetId": "MOwsdKtDW9",
          "checksum": "70c30dd7fdea9fadfe05faea446b899e"
        },
        {
          "type": "cssRules",
          "assetId": "MOwsdKtDW9",
          "checksum": "70c30dd7fdea9fadfe05faea446b899e"
        },
        {
          "type": "renderModule",
          "assetId": "TcXkT68Mp6",
          "checksum": "d1b376035095d06b1779837880714c64"
        },
        {
          "type": "cssRules",
          "assetId": "TcXkT68Mp6",
          "checksum": "d1b376035095d06b1779837880714c64"
        },
        {
          "type": "renderModule",
          "assetId": "jJwXbiB2Ic",
          "checksum": "de9341a86bc3cec45cb03121c3acab5e"
        },
        {
          "type": "cssRules",
          "assetId": "jJwXbiB2Ic",
          "checksum": "de9341a86bc3cec45cb03121c3acab5e"
        },
        {
          "type": "renderModule",
          "assetId": "KCzdJBxTJE",
          "checksum": "e56b3eddab89deda76349e8f09c03c5e"
        },
        {
          "type": "cssRules",
          "assetId": "KCzdJBxTJE",
          "checksum": "e56b3eddab89deda76349e8f09c03c5e"
        },
        {
          "type": "renderModule",
          "assetId": "6Zq5_xjO9F",
          "checksum": "5f054dc7ab790623be214a51a7132f41"
        },
        {
          "type": "cssRules",
          "assetId": "6Zq5_xjO9F",
          "checksum": "5f054dc7ab790623be214a51a7132f41"
        },
        {
          "type": "renderModule",
          "assetId": "PwVbfz5ruck",
          "checksum": "53d013f71619c69a8bad654d169f8784"
        },
        {
          "type": "cssRules",
          "assetId": "PwVbfz5ruck",
          "checksum": "53d013f71619c69a8bad654d169f8784"
        },
        {
          "type": "renderModule",
          "assetId": "6kW5oz8gIK-",
          "checksum": "1233816b333fbf6a70b63387551ade73"
        },
        {
          "type": "cssRules",
          "assetId": "6kW5oz8gIK-",
          "checksum": "1233816b333fbf6a70b63387551ade73"
        },
        {
          "type": "renderModule",
          "assetId": "WzZa1_nedVe",
          "checksum": "db29f8ab3c7b409adfe29e8313172aac"
        },
        {
          "type": "cssRules",
          "assetId": "WzZa1_nedVe",
          "checksum": "db29f8ab3c7b409adfe29e8313172aac"
        },
        {
          "type": "renderModule",
          "assetId": "MEBiyy_4nD",
          "checksum": "880c53752299c7b9459f7a491b5c7150"
        },
        {
          "type": "cssRules",
          "assetId": "MEBiyy_4nD",
          "checksum": "880c53752299c7b9459f7a491b5c7150"
        },
        {
          "type": "renderModule",
          "assetId": "MaAtk98o9f",
          "checksum": "9462a4ab8d2c033bc13ecce5f9d0e0b8"
        },
        {
          "type": "cssRules",
          "assetId": "MaAtk98o9f",
          "checksum": "9462a4ab8d2c033bc13ecce5f9d0e0b8"
        },
        {
          "type": "renderModule",
          "assetId": "ZsmzGgkZw2",
          "checksum": "1648dbf56cb2c7e1a01e192cb935d9ce"
        },
        {
          "type": "cssRules",
          "assetId": "ZsmzGgkZw2",
          "checksum": "1648dbf56cb2c7e1a01e192cb935d9ce"
        },
        {
          "type": "renderModule",
          "assetId": "3Qfldk4cSlr",
          "checksum": "d2222da8cdfe0a71a9c3373c191375be"
        },
        {
          "type": "cssRules",
          "assetId": "3Qfldk4cSlr",
          "checksum": "d2222da8cdfe0a71a9c3373c191375be"
        },
        {
          "type": "renderModule",
          "assetId": "2xJBbfTP-H7",
          "checksum": "8342d72370b432293607e29696cff303"
        },
        {
          "type": "cssRules",
          "assetId": "2xJBbfTP-H7",
          "checksum": "8342d72370b432293607e29696cff303"
        },
        {
          "type": "renderModule",
          "assetId": "lJppbKgSOw",
          "checksum": "b89463eef8eef25761dd6512773fc2ba"
        },
        {
          "type": "cssRules",
          "assetId": "lJppbKgSOw",
          "checksum": "b89463eef8eef25761dd6512773fc2ba"
        },
        {
          "type": "renderModule",
          "assetId": "xiF82lygrKb",
          "checksum": "d510a5a41aaaa2b98711c3153b2a8ae5"
        },
        {
          "type": "cssRules",
          "assetId": "xiF82lygrKb",
          "checksum": "d510a5a41aaaa2b98711c3153b2a8ae5"
        },
        {
          "type": "renderModule",
          "assetId": "AapVVGU4iu",
          "checksum": "50c1d41d3bb137d0696d71f4d87dc971"
        },
        {
          "type": "cssRules",
          "assetId": "AapVVGU4iu",
          "checksum": "50c1d41d3bb137d0696d71f4d87dc971"
        },
        {
          "type": "renderModule",
          "assetId": "0JMC2aEx9m",
          "checksum": "b8eada7e5445640d1026d7737031baca"
        },
        {
          "type": "cssRules",
          "assetId": "0JMC2aEx9m",
          "checksum": "b8eada7e5445640d1026d7737031baca"
        },
        {
          "type": "renderModule",
          "assetId": "Xbdmg_vawY",
          "checksum": "954ebf6cdd1a4dc113c3f0e2b4d67c1b"
        },
        {
          "type": "cssRules",
          "assetId": "Xbdmg_vawY",
          "checksum": "954ebf6cdd1a4dc113c3f0e2b4d67c1b"
        },
        {
          "type": "renderModule",
          "assetId": "DJbGaLTtKAR",
          "checksum": "9a53283e5196962eb59cf90b85c1383a"
        },
        {
          "type": "cssRules",
          "assetId": "DJbGaLTtKAR",
          "checksum": "9a53283e5196962eb59cf90b85c1383a"
        },
        {
          "type": "renderModule",
          "assetId": "1LCbIKy0Mz",
          "checksum": "808557c0dd6d46d34587b5a9fbfc2560"
        },
        {
          "type": "cssRules",
          "assetId": "1LCbIKy0Mz",
          "checksum": "808557c0dd6d46d34587b5a9fbfc2560"
        },
        {
          "type": "renderModule",
          "assetId": "aD1BzX0TEUk",
          "checksum": "7cddba6f78c56fe3951100cd9e1337da"
        },
        {
          "type": "cssRules",
          "assetId": "aD1BzX0TEUk",
          "checksum": "7cddba6f78c56fe3951100cd9e1337da"
        },
        {
          "type": "renderModule",
          "assetId": "2LcO8okO6S",
          "checksum": "776ce65b8dfa6bdd233214e0ad137771"
        },
        {
          "type": "cssRules",
          "assetId": "2LcO8okO6S",
          "checksum": "776ce65b8dfa6bdd233214e0ad137771"
        },
        {
          "type": "renderModule",
          "assetId": "qSazSuRq3D",
          "checksum": "1128d80ee2b11198ad77d1c6e4939fa1"
        },
        {
          "type": "cssRules",
          "assetId": "qSazSuRq3D",
          "checksum": "1128d80ee2b11198ad77d1c6e4939fa1"
        },
        {
          "type": "renderModule",
          "assetId": "rBgbWjsA0sd",
          "checksum": "86a17a574ba1ac74076176078d8c8ce0"
        },
        {
          "type": "cssRules",
          "assetId": "rBgbWjsA0sd",
          "checksum": "86a17a574ba1ac74076176078d8c8ce0"
        },
        {
          "type": "renderModule",
          "assetId": "JF4MWU3g67-",
          "checksum": "3ddf21abfebf631be27e31246f450bd0"
        },
        {
          "type": "cssRules",
          "assetId": "JF4MWU3g67-",
          "checksum": "3ddf21abfebf631be27e31246f450bd0"
        },
        {
          "type": "renderModule",
          "assetId": "SuPOJLymtk7",
          "checksum": "55a8557797b429f0d1409134954529f9"
        },
        {
          "type": "cssRules",
          "assetId": "SuPOJLymtk7",
          "checksum": "55a8557797b429f0d1409134954529f9"
        },
        {
          "type": "renderModule",
          "assetId": "JWaK283jnQd",
          "checksum": "4f42eef07934d557fd352a6a8044a0c8"
        },
        {
          "type": "cssRules",
          "assetId": "JWaK283jnQd",
          "checksum": "4f42eef07934d557fd352a6a8044a0c8"
        },
        {
          "type": "renderModule",
          "assetId": "QePfxm7iE7o",
          "checksum": "147f6ee19f77d537d51afcce246540f2"
        },
        {
          "type": "cssRules",
          "assetId": "QePfxm7iE7o",
          "checksum": "147f6ee19f77d537d51afcce246540f2"
        },
        {
          "type": "renderModule",
          "assetId": "pDZtEWqRzT",
          "checksum": "db28e860e8011374f70a1b8937c8b929"
        },
        {
          "type": "cssRules",
          "assetId": "pDZtEWqRzT",
          "checksum": "db28e860e8011374f70a1b8937c8b929"
        },
        {
          "type": "renderModule",
          "assetId": "HzhMCW_ztWQ",
          "checksum": "904a831643896a64d392d814575cbb7c"
        },
        {
          "type": "cssRules",
          "assetId": "HzhMCW_ztWQ",
          "checksum": "904a831643896a64d392d814575cbb7c"
        },
        {
          "type": "renderModule",
          "assetId": "CVIy61AA1u",
          "checksum": "db8c9812d3987644f6e8fe81a40b5827"
        },
        {
          "type": "cssRules",
          "assetId": "CVIy61AA1u",
          "checksum": "db8c9812d3987644f6e8fe81a40b5827"
        },
        {
          "type": "renderModule",
          "assetId": "G_9dpcpzVW",
          "checksum": "fb665257b705fa47c15c54e6b9eca2d3"
        },
        {
          "type": "cssRules",
          "assetId": "G_9dpcpzVW",
          "checksum": "fb665257b705fa47c15c54e6b9eca2d3"
        },
        {
          "type": "renderModule",
          "assetId": "dxALvsaixcT",
          "checksum": "d502519f60175195e3036b05eeae6f01"
        },
        {
          "type": "cssRules",
          "assetId": "dxALvsaixcT",
          "checksum": "d502519f60175195e3036b05eeae6f01"
        },
        {
          "type": "renderModule",
          "assetId": "jlcB8VeL6C_",
          "checksum": "af9e2fa80391f7be39100820148d81f3"
        },
        {
          "type": "cssRules",
          "assetId": "jlcB8VeL6C_",
          "checksum": "af9e2fa80391f7be39100820148d81f3"
        },
        {
          "type": "renderModule",
          "assetId": "8suVFciYp4t",
          "checksum": "a13cc4b28643ffcfdeedda696b647013"
        },
        {
          "type": "cssRules",
          "assetId": "8suVFciYp4t",
          "checksum": "a13cc4b28643ffcfdeedda696b647013"
        },
        {
          "type": "renderModule",
          "assetId": "2Zjr0RrrEeo",
          "checksum": "7f1c2022c0972d798205ef8d045a6604"
        },
        {
          "type": "cssRules",
          "assetId": "2Zjr0RrrEeo",
          "checksum": "7f1c2022c0972d798205ef8d045a6604"
        },
        {
          "type": "renderModule",
          "assetId": "2sR5PRkxYAA",
          "checksum": "c17e76554fd96526e144696ff27fbfaf"
        },
        {
          "type": "cssRules",
          "assetId": "2sR5PRkxYAA",
          "checksum": "c17e76554fd96526e144696ff27fbfaf"
        },
        {
          "type": "renderModule",
          "assetId": "ncmAa8DpLu",
          "checksum": "f1e3b4da954dda7229a315dfe336ddeb"
        },
        {
          "type": "cssRules",
          "assetId": "ncmAa8DpLu",
          "checksum": "f1e3b4da954dda7229a315dfe336ddeb"
        },
        {
          "type": "renderModule",
          "assetId": "4hNukt77tQq",
          "checksum": "eca49dad4eaf23b9cb5104593e981301"
        },
        {
          "type": "cssRules",
          "assetId": "4hNukt77tQq",
          "checksum": "eca49dad4eaf23b9cb5104593e981301"
        },
        {
          "type": "renderModule",
          "assetId": "QBF7nr-k8Wj",
          "checksum": "69e288ea883a54c1824e21708fadd1b3"
        },
        {
          "type": "cssRules",
          "assetId": "QBF7nr-k8Wj",
          "checksum": "69e288ea883a54c1824e21708fadd1b3"
        },
        {
          "type": "renderModule",
          "assetId": "HUUfSMinVuU",
          "checksum": "6c994d5558e12acc9908bbad85af0998"
        },
        {
          "type": "cssRules",
          "assetId": "HUUfSMinVuU",
          "checksum": "6c994d5558e12acc9908bbad85af0998"
        },
        {
          "type": "renderModule",
          "assetId": "fJogwOTVlCE",
          "checksum": "bd1cff8bbbf3c00fbdbd05fb4ecc26d0"
        },
        {
          "type": "cssRules",
          "assetId": "fJogwOTVlCE",
          "checksum": "bd1cff8bbbf3c00fbdbd05fb4ecc26d0"
        },
        {
          "type": "renderModule",
          "assetId": "vfJVtA9eRVA",
          "checksum": "ea3436864d96afb704a3999c7cdd880b"
        },
        {
          "type": "cssRules",
          "assetId": "vfJVtA9eRVA",
          "checksum": "ea3436864d96afb704a3999c7cdd880b"
        },
        {
          "type": "renderModule",
          "assetId": "0dGBHkGVkF",
          "checksum": "17894e0c1e7e49ce9974733fbe5e001e"
        },
        {
          "type": "cssRules",
          "assetId": "0dGBHkGVkF",
          "checksum": "17894e0c1e7e49ce9974733fbe5e001e"
        },
        {
          "type": "renderModule",
          "assetId": "4f4Uxz__m0h",
          "checksum": "b7a0a91231373faa0bbb482a4170212f"
        },
        {
          "type": "cssRules",
          "assetId": "4f4Uxz__m0h",
          "checksum": "b7a0a91231373faa0bbb482a4170212f"
        },
        {
          "type": "renderModule",
          "assetId": "jHFCHH5QQ7K",
          "checksum": "91f69a7d8e958d29725e4f9567e59499"
        },
        {
          "type": "cssRules",
          "assetId": "jHFCHH5QQ7K",
          "checksum": "91f69a7d8e958d29725e4f9567e59499"
        },
        {
          "type": "icon",
          "assetId": "wTfucAc7Rr",
          "checksum": "5a718eb730a28d2692f45fc9cc0e7343"
        },
        {
          "type": "icon",
          "assetId": "VMSgXilvsf",
          "checksum": "5841bf2932372c18eee5325a6279f684"
        },
        {
          "type": "icon",
          "assetId": "_QBTdEQAzz",
          "checksum": "9bd338a85f59861e7bd473f4d6cccc1c"
        },
        {
          "type": "icon",
          "assetId": "CEtYrZALfu",
          "checksum": "04a55a886ac847d3bfc1b99ffefdb6a8"
        },
        {
          "type": "icon",
          "assetId": "Mj5CsVYcA9",
          "checksum": "5f52e36e9bb1d24317685985881a037b"
        },
        {
          "type": "icon",
          "assetId": "7p8MViVJAB",
          "checksum": "df0fe7ba0bf895c548860fcdc8965d11"
        },
        {
          "type": "icon",
          "assetId": "nEANI2ubBB",
          "checksum": "28855fa81357ad444e6aa22718f86ee5"
        },
        {
          "type": "icon",
          "assetId": "f4GO4W3yZm",
          "checksum": "c30e9cd8f64835f6afd34161c612776a"
        },
        {
          "type": "icon",
          "assetId": "j57_wDEs9S",
          "checksum": "8fde49bd22bce1375773dbcbaeb9c7ab"
        },
        {
          "type": "icon",
          "assetId": "4WWM9dCuzI",
          "checksum": "8186f90f8cb52c9210a0d91ad6843ffd"
        },
        {
          "type": "icon",
          "assetId": "D95fuAr7gP",
          "checksum": "e88e8eaa1ba3e0d0846d0e466b1d47b0"
        },
        {
          "type": "icon",
          "assetId": "mrC2Ljeqti",
          "checksum": "2d163f83ed54bcf49da12a779a79de08"
        },
        {
          "type": "icon",
          "assetId": "CyAK3Gjxwu",
          "checksum": "e7ab47eede60bd42bc7e4a5ccd7e1da5"
        },
        {
          "type": "icon",
          "assetId": "dU5ansm0Xg",
          "checksum": "73b04bf939b3a08c574379cf81c6948a"
        },
        {
          "type": "icon",
          "assetId": "OsdZlmfSEe",
          "checksum": "3720abb7f3976be8137c60f22d67424d"
        },
        {
          "type": "icon",
          "assetId": "oGKOpvo0ll",
          "checksum": "80fb047f8322dbe44dcb18079e8f0812"
        },
        {
          "type": "icon",
          "assetId": "oElPELm1et",
          "checksum": "c52c314f07a28804e40a693c7ef50797"
        },
        {
          "type": "icon",
          "assetId": "qrdgDrcfzD",
          "checksum": "c8d9e86916580684e17117c6700dc23e"
        },
        {
          "type": "icon",
          "assetId": "ymoKOCfuo-",
          "checksum": "90783383497956e6a080287917cd099f"
        },
        {
          "type": "icon",
          "assetId": "YhhYiXTtXT",
          "checksum": "39ab21c923ffe87319871057902c8d34"
        },
        {
          "type": "icon",
          "assetId": "d8TOpAp1CP",
          "checksum": "599752e108fc6ba9751d0eb0aefedec6"
        },
        {
          "type": "icon",
          "assetId": "5amV9exkN9",
          "checksum": "96470b1e937e6cddbff054d06cb221f9"
        },
        {
          "type": "icon",
          "assetId": "rP3WBmFG-e",
          "checksum": "2e20920a9712b9810380c8d7e15dc211"
        },
        {
          "type": "icon",
          "assetId": "Qm3zx5PVC",
          "checksum": "71d009ec2317ae19f6d2696809bfaa16"
        },
        {
          "type": "icon",
          "assetId": "gZDZDs61W-",
          "checksum": "693b6f5068e0e5bb9972428b3861e392"
        },
        {
          "type": "icon",
          "assetId": "pxV85ZZQvi",
          "checksum": "8f18a11c3ea62e51afee65475de0034b"
        },
        {
          "type": "icon",
          "assetId": "E2O_OGnBZf",
          "checksum": "81f99430db9c715f755b5648f56b8df7"
        },
        {
          "type": "icon",
          "assetId": "UIRIe6a68A",
          "checksum": "2c31a90a3bf50dd1b10a87b8037208fe"
        },
        {
          "type": "icon",
          "assetId": "VwsBlWFPux",
          "checksum": "af274a11204ea21e017afad86d2534a3"
        },
        {
          "type": "icon",
          "assetId": "4AIkExQxz",
          "checksum": "081cac690efb8ea3c2731e3b2410c6d1"
        },
        {
          "type": "icon",
          "assetId": "CbfsWz2JkE",
          "checksum": "16b438f7439cf778bdd7332a61847184"
        },
        {
          "type": "icon",
          "assetId": "bi_8qGOLhg",
          "checksum": "d0ee049f03342d3d80f5c1d412820fe0"
        },
        {
          "type": "icon",
          "assetId": "V9OFkmlcnz",
          "checksum": "7d451f3b86c4909ca9d41634f8b5dc7f"
        },
        {
          "type": "icon",
          "assetId": "bXLmcsbn-z",
          "checksum": "3461ffa0e48a38b7a25fd77e90f017fb"
        },
        {
          "type": "icon",
          "assetId": "T8joG3yRTH",
          "checksum": "0032d305146c6fd7afb2da1a03f03466"
        },
        {
          "type": "icon",
          "assetId": "USRi-J1iAV",
          "checksum": "c4013f22d2e91eef95a2bb53d377d75f"
        },
        {
          "type": "icon",
          "assetId": "GXuSKq-oqJ",
          "checksum": "f3954b9956ea3ef56f67ccfac6f56d82"
        },
        {
          "type": "icon",
          "assetId": "SCO2nowOyF",
          "checksum": "0de77054b039f797f2ecaade65b1355a"
        },
        {
          "type": "image",
          "assetId": "EPGPLj8R6N",
          "checksum": "93a776a5daa701fa888a1d1dd922b12b"
        },
        {
          "type": "image",
          "assetId": "UYaJ8Iid3m",
          "checksum": "9579e8704ee76a6a0ac3b5c557784b68"
        },
        {
          "type": "image",
          "assetId": "X_7NFtHNX",
          "checksum": "2fc65505c1292927b8b5a1e6ccff8c02"
        },
        {
          "type": "image",
          "assetId": "7HJPr710dt",
          "checksum": "9fd36c9d837a047b11fc4c583dc547c8"
        },
        {
          "type": "image",
          "assetId": "xOaQbmepj8",
          "checksum": "0fa7acd87c170db8f0c96641550618dc"
        },
        {
          "type": "image",
          "assetId": "XhUnce3xk-",
          "checksum": "26d49edf1bc4cf805c75f9b4813b4065"
        },
        {
          "type": "image",
          "assetId": "ZK4QPLv_Js",
          "checksum": "00611244d028f186b31c0a9bc8df43c5"
        },
        {
          "type": "image",
          "assetId": "rU1g-d3eNw",
          "checksum": "d45a2029ed9a25382b35a0beea1630ba"
        },
        {
          "type": "image",
          "assetId": "jEB6FWUqh2",
          "checksum": "a7a1ca9e973ef1283ada2910354ff964"
        },
        {
          "type": "image",
          "assetId": "YE53p_epLv",
          "checksum": "b44b29d9ac231d30219874a8c8b92215"
        },
        {
          "type": "image",
          "assetId": "SuzPKCmZFZ",
          "checksum": "9d068469fa7abafac079351571859007"
        },
        {
          "type": "image",
          "assetId": "PJOPGNVZ-6",
          "checksum": "501827d6eed7e62b19b59408c4d1a760"
        },
        {
          "type": "image",
          "assetId": "04YO870mHJ",
          "checksum": "675a162f5958a6b62f92dbdba93c7af2"
        },
        {
          "type": "image",
          "assetId": "CMH2DF62HJ",
          "checksum": "482d1c42b910e76f6b870d6ae44a7dcd"
        },
        {
          "type": "image",
          "assetId": "C1Emdq7mU7",
          "checksum": "a199f15f9db45aefcefb88e3dbe1c0de"
        },
        {
          "type": "image",
          "assetId": "mZuhoXM_N",
          "checksum": "f6a29a5b2aa76e5cdf00e88c8a8ebb32"
        },
        {
          "type": "image",
          "assetId": "otjSZETYH",
          "checksum": "5572f6f5f1745e2c904e0e6330b8d82c"
        },
        {
          "type": "image",
          "assetId": "OswZQdidC",
          "checksum": "d8ecb2bc7f04a1ef8820e6df2da832e5"
        },
        {
          "type": "image",
          "assetId": "sQFudTnc2",
          "checksum": "6f5493e44aaf3952dbf71c2846a5d3ce"
        },
        {
          "type": "image",
          "assetId": "Y1uxSbPn1",
          "checksum": "7dd4ad05659249f8f4bb7536171f3db1"
        },
        {
          "type": "image",
          "assetId": "j3B0JfVAV",
          "checksum": "6446f21db27092c47b95d6381b385ed4"
        },
        {
          "type": "image",
          "assetId": "lzSJdD5rG",
          "checksum": "53eff06d633671e27f6cb10f2369a5a8"
        },
        {
          "type": "image",
          "assetId": "2_DqtGXsD",
          "checksum": "884719b6450473b9627078ab004609c4"
        },
        {
          "type": "image",
          "assetId": "a0XqR1rmO",
          "checksum": "b8ac9d465fd02a69ed6500b7b3ec5f85"
        },
        {
          "type": "image",
          "assetId": "CGjd_wD3lc",
          "checksum": "1f81cf0e8246d2e09773e6fa00d28384"
        },
        {
          "type": "image",
          "assetId": "ejT54-AB5",
          "checksum": "7b47aec89888d160131ae13e38bb0704"
        },
        {
          "type": "image",
          "assetId": "U_7c_gaQy",
          "checksum": "21aa2dba7e49f27adb7346a2d628da43"
        },
        {
          "type": "image",
          "assetId": "VvWfewPgF",
          "checksum": "ed12844869bb439df327afcedf05d692"
        },
        {
          "type": "image",
          "assetId": "tueIhGKhL",
          "checksum": "ca88a011e08392f1ee9636f3f934b8a0"
        },
        {
          "type": "image",
          "assetId": "3GGD3CMMI",
          "checksum": "7637aa9f70af0e4282919c40e50c9a39"
        },
        {
          "type": "image",
          "assetId": "Dqmr3K45D",
          "checksum": "958f03d7fa7ac7388a27db6df45a172a"
        },
        {
          "type": "image",
          "assetId": "yEtbjfyJ0",
          "checksum": "5a7fd0e1f5df526b5db031a557d92eeb"
        },
        {
          "type": "image",
          "assetId": "sd8fqsUf_",
          "checksum": "eca488ddb73b03df0a3519bd262f3895"
        },
        {
          "type": "image",
          "assetId": "brkhP7iR0",
          "checksum": "2072e3181f2e25bf65bc98003bac7718"
        },
        {
          "type": "image",
          "assetId": "jukHnjBM2",
          "checksum": "e920e976fc0d5ed7544da6713f547779"
        },
        {
          "type": "image",
          "assetId": "G5jsDdQkx",
          "checksum": "598bc7e6fa83f5452cd97f356f101784"
        },
        {
          "type": "image",
          "assetId": "9uio4NrWB",
          "checksum": "cff770858fe1733ce82f252c1fbd1fc5"
        },
        {
          "type": "image",
          "assetId": "0CMsqtag4",
          "checksum": "7f2d73efa9c3c1a810dbb31cb1a4711c"
        },
        {
          "type": "image",
          "assetId": "WlKI1l4eq",
          "checksum": "dbcdb1f631a5f1cd86cadd7cbd13f9b2"
        },
        {
          "type": "image",
          "assetId": "1qXLsp3Gl",
          "checksum": "5a94e89a73a2286abf97c9cb03ef0d53"
        },
        {
          "type": "image",
          "assetId": "FgP-35c5m",
          "checksum": "d9b838af656658deef13ac7d3fcf62f3"
        },
        {
          "type": "image",
          "assetId": "RtBuhLfpe",
          "checksum": "f04abab98abc945c24bf0d34548095ff"
        },
        {
          "type": "image",
          "assetId": "Q8dsR1Ya3",
          "checksum": "5bf2821a735811da44d81088c09d7729"
        },
        {
          "type": "image",
          "assetId": "mQOptpUsmZ",
          "checksum": "2538769d9576a386c5c7f83a1cf4ef62"
        },
        {
          "type": "image",
          "assetId": "4XNgS0YKP",
          "checksum": "2244f6d3fd8ab4322d6909c4c3ef616f"
        },
        {
          "type": "image",
          "assetId": "pGoZ-z6Ey",
          "checksum": "01ce89fb9dbe41eaf84c3691ac37e3a6"
        },
        {
          "type": "image",
          "assetId": "fyeMYI6Nk",
          "checksum": "97c28228238d41ceec4534b1bce1ea9d"
        },
        {
          "type": "image",
          "assetId": "VWPTvMyfj",
          "checksum": "ee2bd31360e29b3a1923a4945f89fde8"
        },
        {
          "type": "image",
          "assetId": "HKXEI5cPu",
          "checksum": "56cdd2320d5b3923ca5c8dada5b3a960"
        },
        {
          "type": "image",
          "assetId": "xlpa8IjYv",
          "checksum": "60c797347481f16bb79277d360db1b14"
        },
        {
          "type": "image",
          "assetId": "2Xmo-UlGL",
          "checksum": "bbb0896186f8dc94d13b4ff5bc31b558"
        },
        {
          "type": "image",
          "assetId": "cZnS6zLBf",
          "checksum": "f3d7cad1d2564c3eefd17e4bf83cf785"
        },
        {
          "type": "image",
          "assetId": "Zfpl2p14L",
          "checksum": "0a0204b424c11e9580fde4ca67a567f3"
        },
        {
          "type": "image",
          "assetId": "z7Q0WZtnF",
          "checksum": "8e0f080973b1f9b20069aa316bd6b5fe"
        },
        {
          "type": "image",
          "assetId": "MV-iw252s",
          "checksum": "c3e47e2cfcedbfbe4e95d53ecbc18b18"
        },
        {
          "type": "image",
          "assetId": "S6uJdcNII",
          "checksum": "7b4c45301cd870e37e3872c42fe307c6"
        },
        {
          "type": "image",
          "assetId": "TK5CdJRND",
          "checksum": "5044aa741eda94afbc0cdf275d174441"
        },
        {
          "type": "image",
          "assetId": "wcC-99HXh",
          "checksum": "2ba743bb3db28b5d08f9942b6d7f0272"
        },
        {
          "type": "image",
          "assetId": "wV9tHJz5J",
          "checksum": "b926b3a05f3fece11a73d306a84410c0"
        },
        {
          "type": "image",
          "assetId": "nsQNwrjDr",
          "checksum": "9eaf982cec835a423fc9e6c36cafed8a"
        },
        {
          "type": "image",
          "assetId": "LFnfKPfDu",
          "checksum": "4e171743090d031c03cefa038237eb29"
        },
        {
          "type": "image",
          "assetId": "UHUHDEvxd",
          "checksum": "69e36cf988e9363986f1fe9e8182b728"
        },
        {
          "type": "image",
          "assetId": "xN0RWJvWh",
          "checksum": "2f3186f31ceb027039ebe001bb117338"
        },
        {
          "type": "image",
          "assetId": "WiXT2gdxg",
          "checksum": "adf75555ddccf7135cecc518de247895"
        },
        {
          "type": "image",
          "assetId": "Eo7OkfnBA",
          "checksum": "1958e0a034910520a40f506758c52c6a"
        },
        {
          "type": "image",
          "assetId": "XdyayxrS3",
          "checksum": "f1c938e8ad335d3f8f7affd7cb961abd"
        },
        {
          "type": "image",
          "assetId": "xNo-AkG0e",
          "checksum": "0b8abf04b1840c91b1e19c4806d15cfc"
        },
        {
          "type": "image",
          "assetId": "62muS6d2Y",
          "checksum": "ccce6ad0be8e7d31a01554386932fe63"
        },
        {
          "type": "image",
          "assetId": "ccufmIpOC",
          "checksum": "375b7c5582aa2a2114424631fc32a72b"
        },
        {
          "type": "image",
          "assetId": "IzzEtRVSd",
          "checksum": "c2d9f210689d41fde56b38ad1e58ff90"
        },
        {
          "type": "image",
          "assetId": "EnzpsZnNo",
          "checksum": "13d6e93d5da27043b8f2d0cdcab3dc53"
        },
        {
          "type": "image",
          "assetId": "Dn5S8JL7H",
          "checksum": "878465310d6a52f3f2b89254a6d4aaaa"
        },
        {
          "type": "image",
          "assetId": "dHsf7IqGN",
          "checksum": "3f762ca2ba07a6697aab12e140ea5d20"
        },
        {
          "type": "image",
          "assetId": "wzezUzTfU",
          "checksum": "ca8cfe572a9c7ca7562be8a515fb6410"
        },
        {
          "type": "image",
          "assetId": "5xxeDTi_2",
          "checksum": "9c3d4e6885bc5803b787395110b91ba0"
        },
        {
          "type": "image",
          "assetId": "Y1cLdtC5p",
          "checksum": "cea6cded322c8a7f9c75f9be07e09421"
        },
        {
          "type": "image",
          "assetId": "MdyXN0Auz",
          "checksum": "9452f547e046fc663b9721a0295f971c"
        },
        {
          "type": "image",
          "assetId": "QIfl4TWQ0H",
          "checksum": "502be5f073e490efd77a15336d066f88"
        },
        {
          "type": "image",
          "assetId": "A-oIKPBDT",
          "checksum": "eb1a04c5f5b43d86f28c9cbfd61452c6"
        },
        {
          "type": "image",
          "assetId": "I6avqNVfS",
          "checksum": "e868ea60492eb385f7b69d62c09c8029"
        },
        {
          "type": "image",
          "assetId": "UrlN9ysec",
          "checksum": "2797fcd2237ebcebd792823e147ee6d7"
        },
        {
          "type": "image",
          "assetId": "2sfmJNIzu",
          "checksum": "fb1d2cc1c07062e9e54ea374d4b04c2f"
        },
        {
          "type": "image",
          "assetId": "u1TABRso4",
          "checksum": "556cdb8f93d900ecb0483f4b5b573211"
        },
        {
          "type": "image",
          "assetId": "v53izh8NN",
          "checksum": "e9db281b490010cab390906b168fadc4"
        },
        {
          "type": "image",
          "assetId": "MLv4cVE6I",
          "checksum": "539f09176d185172e4125474af5ff597"
        },
        {
          "type": "image",
          "assetId": "AVfwvYTPK",
          "checksum": "b9edff91c16e6715bc278217ba99bef5"
        },
        {
          "type": "image",
          "assetId": "CTc2zXw-o",
          "checksum": "cbea2e7c1d9d2d48bad45a7e5e241d54"
        },
        {
          "type": "image",
          "assetId": "lGgH04dpV",
          "checksum": "b1e7b2a3b8569a3f75dac7e3e0be049b"
        },
        {
          "type": "image",
          "assetId": "ctJJRhQOmF",
          "checksum": "ac902fc1b1389b6ce35c7cfb941b198f"
        },
        {
          "type": "image",
          "assetId": "b7PoB4e6bJ",
          "checksum": "5b55a896509c394524b3a7707e20f745"
        },
        {
          "type": "image",
          "assetId": "OrsonFC2Xn",
          "checksum": "48294e24f6f0151b610eef45668e99e0"
        },
        {
          "type": "image",
          "assetId": "w6uRsnNOr",
          "checksum": "ee0d50fd0c8d69a89a48e280d3d602f1"
        },
        {
          "type": "image",
          "assetId": "Bv8hQepak",
          "checksum": "db8b832daab732d6d964820af5b3994c"
        },
        {
          "type": "image",
          "assetId": "bTphux_km",
          "checksum": "97bc2a56ca17a13d45dc7b3b64972542"
        },
        {
          "type": "image",
          "assetId": "fSL2-scVK",
          "checksum": "cb0f0e27a05633ef65fc573e2dfb1670"
        },
        {
          "type": "image",
          "assetId": "PdvRG1ivM",
          "checksum": "b8d01178ccb657fdf2d6306eaa754c2d"
        },
        {
          "type": "image",
          "assetId": "Usyfh-QIW",
          "checksum": "fa871f6e2524d9470b02cfcc70c1cd20"
        },
        {
          "type": "image",
          "assetId": "Xq_49R9cf",
          "checksum": "6f5c97a5cabad2775d98f0e748ff6759"
        },
        {
          "type": "image",
          "assetId": "4_x_YUBSU",
          "checksum": "eeddc6a8b92d55e49298baf6b507cebb"
        },
        {
          "type": "image",
          "assetId": "lreVgxzrC",
          "checksum": "5745eb270ca0edfb565e00adb2666a3e"
        },
        {
          "type": "image",
          "assetId": "KWEWI51i9",
          "checksum": "51b23bda60b620ed7646471d7a83d3c0"
        },
        {
          "type": "image",
          "assetId": "FFo6q3mln",
          "checksum": "154bc8d21c28daf3c613fe097f4ddf78"
        },
        {
          "type": "image",
          "assetId": "BSuh69SwM",
          "checksum": "24882ecfc97680fdba8753a64fb7e7d5"
        },
        {
          "type": "image",
          "assetId": "8t6tyW2SN",
          "checksum": "9b68bb57845ca0e6cce2d955b2dd8dc4"
        },
        {
          "type": "image",
          "assetId": "WTvOXGb6b",
          "checksum": "936e1066c9af2931eaf9edf488f346d5"
        },
        {
          "type": "image",
          "assetId": "K6rrS2dFZ",
          "checksum": "74a3fc8bb24d0807f2bd1b61767bb206"
        },
        {
          "type": "image",
          "assetId": "Xl_ZeK5Zq",
          "checksum": "3a560b9aea00c4bfa89e0983d3e29ed9"
        },
        {
          "type": "image",
          "assetId": "QZwEvhzU2",
          "checksum": "37dcdd0f6752fdd30c8d9308868fd693"
        },
        {
          "type": "image",
          "assetId": "yHAqCT9Pm",
          "checksum": "371bab3a400ef1cb6b1015ddbaebc3bb"
        },
        {
          "type": "image",
          "assetId": "j6-2r3WfF",
          "checksum": "60a8f597598ec8bd85403526ec344884"
        },
        {
          "type": "image",
          "assetId": "9KjKXf8aA",
          "checksum": "ab660fe28280750859a7d1a5795e7b54"
        },
        {
          "type": "image",
          "assetId": "lYItEpXgS",
          "checksum": "46c530ac44c0d0094774735b5c9f2937"
        },
        {
          "type": "image",
          "assetId": "_G6dF9FdL",
          "checksum": "8f47eb089fe3458648fe5ba95777d8ac"
        },
        {
          "type": "image",
          "assetId": "fyKJL3owe",
          "checksum": "5672cef05d00bb9905b028bfdbe08064"
        },
        {
          "type": "image",
          "assetId": "KCxujGJaO",
          "checksum": "d2d989a5ded9222bca600b38f7ed73a0"
        },
        {
          "type": "image",
          "assetId": "zvTNx6qJy",
          "checksum": "8cfb2fb457573f3bc0dbe8ec17e9c292"
        },
        {
          "type": "image",
          "assetId": "q5HyGrQzo",
          "checksum": "edeb920ddeb81863a65087faa8e27912"
        },
        {
          "type": "image",
          "assetId": "FRccJnohF",
          "checksum": "cd165dcb70514364dce3267584572997"
        },
        {
          "type": "image",
          "assetId": "UVDBPWNKV",
          "checksum": "74d0ab289832d0d9d55c4f209cd06e89"
        },
        {
          "type": "image",
          "assetId": "OmM_OZNfL",
          "checksum": "3fac2cef6bc538977bffef821427b8c6"
        },
        {
          "type": "image",
          "assetId": "INz8QmFvF",
          "checksum": "3d77dbba54ceb10d80022f910b3723f5"
        },
        {
          "type": "image",
          "assetId": "ijfr7qQeh",
          "checksum": "c2b53be494fc364c68c37b0e903d96b1"
        }
      ]
    },
    {
      "projectId": "HxsWCzVvbgXkQCjLyd31a",
      "version": "latest",
      "dependencies": {
        "kjuFFTSZb8fanzCHT2C1jz": "12.2.3",
        "seaQhLVS4bbjiGvJJrRwyL": "15.0.3"
      },
      "lang": "js",
      "fileLocks": [
        {
          "type": "globalVariant",
          "assetId": "yFEq2EtBpCba_N",
          "checksum": "832c9fe73d466dc17de204e4d2fde4df"
        },
        {
          "assetId": "HxsWCzVvbgXkQCjLyd31a",
          "type": "projectCss",
          "checksum": "6868b5dd90621eeb2e5dd6ea0b083d05"
        },
        {
          "type": "renderModule",
          "assetId": "cfA-D_Do-_rs3",
          "checksum": "d88039fdf2a5352e474031db52dddd48"
        },
        {
          "type": "cssRules",
          "assetId": "cfA-D_Do-_rs3",
          "checksum": "d88039fdf2a5352e474031db52dddd48"
        },
        {
          "type": "renderModule",
          "assetId": "RKiTzdnnQgSpQ",
          "checksum": "e7d4f0dbc8fe321deb26b91086fbe060"
        },
        {
          "type": "cssRules",
          "assetId": "RKiTzdnnQgSpQ",
          "checksum": "e7d4f0dbc8fe321deb26b91086fbe060"
        },
        {
          "type": "renderModule",
          "assetId": "J4ZNq7WgHUkyU",
          "checksum": "cd2f17f24d6b0994016a104acb4674ae"
        },
        {
          "type": "cssRules",
          "assetId": "J4ZNq7WgHUkyU",
          "checksum": "cd2f17f24d6b0994016a104acb4674ae"
        },
        {
          "type": "renderModule",
          "assetId": "twqag7IjrpqUU",
          "checksum": "2d3e111c00a6ab4865943173ff92822b"
        },
        {
          "type": "cssRules",
          "assetId": "twqag7IjrpqUU",
          "checksum": "2d3e111c00a6ab4865943173ff92822b"
        },
        {
          "type": "renderModule",
          "assetId": "4GNQ1Ah9HXadT",
          "checksum": "363af96cbf3a9aa369a3047cb0e14f2c"
        },
        {
          "type": "cssRules",
          "assetId": "4GNQ1Ah9HXadT",
          "checksum": "363af96cbf3a9aa369a3047cb0e14f2c"
        },
        {
          "type": "renderModule",
          "assetId": "Ubjdoj98HjaZWv",
          "checksum": "987d8c373375d99435111b4addea5c17"
        },
        {
          "type": "cssRules",
          "assetId": "Ubjdoj98HjaZWv",
          "checksum": "987d8c373375d99435111b4addea5c17"
        },
        {
          "type": "renderModule",
          "assetId": "lppfw42O7vO3bL",
          "checksum": "0537210d39724198ada2a9846f2f8769"
        },
        {
          "type": "cssRules",
          "assetId": "lppfw42O7vO3bL",
          "checksum": "0537210d39724198ada2a9846f2f8769"
        },
        {
          "type": "renderModule",
          "assetId": "bz4oZ15QfbM9Ev",
          "checksum": "c1724779ccbd2bb20b14383dd95ede4b"
        },
        {
          "type": "cssRules",
          "assetId": "bz4oZ15QfbM9Ev",
          "checksum": "c1724779ccbd2bb20b14383dd95ede4b"
        },
        {
          "type": "renderModule",
          "assetId": "IFDQCWIlifM9WI",
          "checksum": "0ad6bc88956a05c2c95c10102a4633ed"
        },
        {
          "type": "cssRules",
          "assetId": "IFDQCWIlifM9WI",
          "checksum": "0ad6bc88956a05c2c95c10102a4633ed"
        },
        {
          "type": "renderModule",
          "assetId": "4vo5LWvG1TXaVF",
          "checksum": "2a8e3f67f72d607d8289bc141861ceb8"
        },
        {
          "type": "cssRules",
          "assetId": "4vo5LWvG1TXaVF",
          "checksum": "2a8e3f67f72d607d8289bc141861ceb8"
        },
        {
          "type": "renderModule",
          "assetId": "lsbXSt7-O8kLKs",
          "checksum": "36f3c4b61851dacf3c94b3bf174cbca9"
        },
        {
          "type": "cssRules",
          "assetId": "lsbXSt7-O8kLKs",
          "checksum": "36f3c4b61851dacf3c94b3bf174cbca9"
        },
        {
          "type": "icon",
          "assetId": "T_wCD9f66LEhRK",
          "checksum": "2d9df1f603b6c20e98e7b8dcfc6f9a3f"
        },
        {
          "type": "icon",
          "assetId": "eZmKljfPuFxKHh",
          "checksum": "3dfe76e59c37e6fda795c112a9a95d34"
        },
        {
          "type": "icon",
          "assetId": "OPYRkdqX0IvJNY",
          "checksum": "1426fbcb1707b195f333680a572db5fb"
        },
        {
          "type": "icon",
          "assetId": "9kqJnYhQ8Fqnbs",
          "checksum": "ed5751cb763ad0d5312c8925574b1db0"
        },
        {
          "type": "image",
          "assetId": "g5KcV_GCqvb0eI",
          "checksum": "43496cd7274bf51672374f375eccd7f7"
        },
        {
          "type": "image",
          "assetId": "BUNBIdgpzzqfy9",
          "checksum": "bab2ab0a637c65d026dd69551beca3e6"
        },
        {
          "type": "image",
          "assetId": "yd3sbKq8gzTcJl",
          "checksum": "cfa178091ebee37d2076ca3967eeb8ac"
        },
        {
          "type": "image",
          "assetId": "KCzwxu21Wp8_YM",
          "checksum": "62a1106bce7bb91d1b01eacc98d0c392"
        },
        {
          "type": "image",
          "assetId": "et7pfxAKkOpJCS",
          "checksum": "8752abec06f8a4ab40559818649e0599"
        },
        {
          "type": "image",
          "assetId": "xOPNpRSOEJdCMD",
          "checksum": "52c136b7722ceefea0908560cc660e51"
        },
        {
          "type": "image",
          "assetId": "ZoPAgU53cJqFPE",
          "checksum": "e059423ec24f681531c8aa609a6b892a"
        },
        {
          "type": "image",
          "assetId": "41GBrp7OhGaaJ0",
          "checksum": "111ede768f7fb21e388b1d0f80772d13"
        },
        {
          "type": "image",
          "assetId": "N8pJP5TAzsFrw8",
          "checksum": "7b2a0202c33ceba884423f0da7fbe98b"
        },
        {
          "type": "image",
          "assetId": "8Ljr7scIvqwS0H",
          "checksum": "559fddc1aee9b377b950d7fbb0679265"
        },
        {
          "type": "image",
          "assetId": "M8gF5CzwoRAVrs",
          "checksum": "86917fef5a9e828b7fb931260a4406cd"
        },
        {
          "type": "image",
          "assetId": "9kpy3YegCiI1wj",
          "checksum": "8c3e98c9421d530eb155d48e672c2aa8"
        },
        {
          "type": "image",
          "assetId": "Gd_IX7J5pUJVlV",
          "checksum": "479ae11b813dda230aa633880b167181"
        },
        {
          "type": "image",
          "assetId": "-oVjNXiMtgo7xf",
          "checksum": "fff3ab82023fbb9be39d8c717674af00"
        },
        {
          "type": "image",
          "assetId": "Jek6yEPk9O58Ep",
          "checksum": "75d3428368715e15a6599788c5d59f96"
        }
      ]
    }
  ],
  "cliVersion": "0.1.154"
}
